github.comcast.com/viper-cog/goutil v0.0.0-20180130193701-cc47449394ce h1:VKong6bhvwB7NkNewa6vN/NNn0lb81DVMzC28bapuvk=
github.comcast.com/viper-cog/goutil v0.0.0-20180130193701-cc47449394ce/go.mod h1:OndThNsUWAUncrKdQQ2DnXhFXX7waXlV0ExTCchrsNM=
github.comcast.com/viper-cog/libdash v2.0.1+incompatible h1:HnA0khFbf31HCZ7D/bma22KbWdlQUoSRSHW16IQMwn8=
github.comcast.com/viper-cog/libdash v2.0.1+incompatible/go.mod h1:rKYgaXikqf9fEZtiRNqH3Y+2PchVQOENu7dotSTjJTs=
